{
  "requires": true,
  "lockfileVersion": 1,
  "dependencies": {
    "now": {
      "version": "10.1.5",
      "resolved": "https://registry.npmjs.org/now/-/now-10.1.5.tgz",
      "integrity": "sha512-B4zIlSV0RAvI9lbicxZ+DZ1jor55UkKUJBhCGxUnCzKkJtYS8yOBFc/YCH+dkkRnmjKGa9sK0Sckp74o83HC6A=="
    }
  }
}
